// !$*UTF8*$!
{
	archiveVersion = 1;
	classes = {
	};
	objectVersion = 48;
	objects = {

/* Begin PBXBuildFile section */
		7719217021A5004A0063F28D /* ResourceViewController.swift in Sources */ = {isa = PBXBuildFile; fileRef = 7719216F21A5004A0063F28D /* ResourceViewController.swift */; };
		7719217221A504BC0063F28D /* BudgetViewController.swift in Sources */ = {isa = PBXBuildFile; fileRef = 7719217121A504BC0063F28D /* BudgetViewController.swift */; };
		7719217421A5053B0063F28D /* CollaborationViewController.swift in Sources */ = {isa = PBXBuildFile; fileRef = 7719217321A5053B0063F28D /* CollaborationViewController.swift */; };
		77676F882193860B005C70CE /* LandingTabBarController.swift in Sources */ = {isa = PBXBuildFile; fileRef = 77676F872193860B005C70CE /* LandingTabBarController.swift */; };
		777A29302196075A0097C59E /* SearchViewController.swift in Sources */ = {isa = PBXBuildFile; fileRef = 777A292F2196075A0097C59E /* SearchViewController.swift */; };
		7790F9032190DE3F003ABBD4 /* HomeScreenViewController.swift in Sources */ = {isa = PBXBuildFile; fileRef = 7790F9022190DE3F003ABBD4 /* HomeScreenViewController.swift */; };
		77C9E16A219B38FA002FAE39 /* CategoryRow.swift in Sources */ = {isa = PBXBuildFile; fileRef = 77C9E169219B38FA002FAE39 /* CategoryRow.swift */; };
		77D55201219B8DC700C537E2 /* ListViewCell.swift in Sources */ = {isa = PBXBuildFile; fileRef = 77D55200219B8DC700C537E2 /* ListViewCell.swift */; };
		77D55203219B945500C537E2 /* Image.swift in Sources */ = {isa = PBXBuildFile; fileRef = 77D55202219B945500C537E2 /* Image.swift */; };
		77F8E176218A6DA9003E29B5 /* AppDelegate.swift in Sources */ = {isa = PBXBuildFile; fileRef = 77F8E175218A6DA9003E29B5 /* AppDelegate.swift */; };
		77F8E178218A6DAA003E29B5 /* LogInViewController.swift in Sources */ = {isa = PBXBuildFile; fileRef = 77F8E177218A6DAA003E29B5 /* LogInViewController.swift */; };
		77F8E17B218A6DAA003E29B5 /* Main.storyboard in Resources */ = {isa = PBXBuildFile; fileRef = 77F8E179218A6DAA003E29B5 /* Main.storyboard */; };
		77F8E17D218A6DAA003E29B5 /* Assets.xcassets in Resources */ = {isa = PBXBuildFile; fileRef = 77F8E17C218A6DAA003E29B5 /* Assets.xcassets */; };
		77F8E180218A6DAA003E29B5 /* LaunchScreen.storyboard in Resources */ = {isa = PBXBuildFile; fileRef = 77F8E17E218A6DAA003E29B5 /* LaunchScreen.storyboard */; };
		77F8E18B218A6DAA003E29B5 /* WelcomeDticTests.swift in Sources */ = {isa = PBXBuildFile; fileRef = 77F8E18A218A6DAA003E29B5 /* WelcomeDticTests.swift */; };
		77F8E196218A6DAA003E29B5 /* WelcomeDticUITests.swift in Sources */ = {isa = PBXBuildFile; fileRef = 77F8E195218A6DAA003E29B5 /* WelcomeDticUITests.swift */; };
/* End PBXBuildFile section */

/* Begin PBXContainerItemProxy section */
		77F8E187218A6DAA003E29B5 /* PBXContainerItemProxy */ = {
			isa = PBXContainerItemProxy;
			containerPortal = 77F8E16A218A6DA9003E29B5 /* Project object */;
			proxyType = 1;
			remoteGlobalIDString = 77F8E171218A6DA9003E29B5;
			remoteInfo = WelcomeDtic;
		};
		77F8E192218A6DAA003E29B5 /* PBXContainerItemProxy */ = {
			isa = PBXContainerItemProxy;
			containerPortal = 77F8E16A218A6DA9003E29B5 /* Project object */;
			proxyType = 1;
			remoteGlobalIDString = 77F8E171218A6DA9003E29B5;
			remoteInfo = WelcomeDtic;
		};
/* End PBXContainerItemProxy section */

/* Begin PBXFileReference section */
		7719216F21A5004A0063F28D /* ResourceViewController.swift */ = {isa = PBXFileReference; lastKnownFileType = sourcecode.swift; path = ResourceViewController.swift; sourceTree = "<group>"; };
		7719217121A504BC0063F28D /* BudgetViewController.swift */ = {isa = PBXFileReference; lastKnownFileType = sourcecode.swift; path = BudgetViewController.swift; sourceTree = "<group>"; };
		7719217321A5053B0063F28D /* CollaborationViewController.swift */ = {isa = PBXFileReference; lastKnownFileType = sourcecode.swift; path = CollaborationViewController.swift; sourceTree = "<group>"; };
		77676F872193860B005C70CE /* LandingTabBarController.swift */ = {isa = PBXFileReference; lastKnownFileType = sourcecode.swift; path = LandingTabBarController.swift; sourceTree = "<group>"; };
		777A292F2196075A0097C59E /* SearchViewController.swift */ = {isa = PBXFileReference; lastKnownFileType = sourcecode.swift; path = SearchViewController.swift; sourceTree = "<group>"; };
		7790F9022190DE3F003ABBD4 /* HomeScreenViewController.swift */ = {isa = PBXFileReference; lastKnownFileType = sourcecode.swift; path = HomeScreenViewController.swift; sourceTree = "<group>"; };
		77C9E169219B38FA002FAE39 /* CategoryRow.swift */ = {isa = PBXFileReference; lastKnownFileType = sourcecode.swift; path = CategoryRow.swift; sourceTree = "<group>"; };
		77D55200219B8DC700C537E2 /* ListViewCell.swift */ = {isa = PBXFileReference; lastKnownFileType = sourcecode.swift; path = ListViewCell.swift; sourceTree = "<group>"; };
		77D55202219B945500C537E2 /* Image.swift */ = {isa = PBXFileReference; lastKnownFileType = sourcecode.swift; path = Image.swift; sourceTree = "<group>"; };
		77F8E172218A6DA9003E29B5 /* WelcomeDtic.app */ = {isa = PBXFileReference; explicitFileType = wrapper.application; includeInIndex = 0; path = WelcomeDtic.app; sourceTree = BUILT_PRODUCTS_DIR; };
		77F8E175218A6DA9003E29B5 /* AppDelegate.swift */ = {isa = PBXFileReference; lastKnownFileType = sourcecode.swift; path = AppDelegate.swift; sourceTree = "<group>"; };
		77F8E177218A6DAA003E29B5 /* LogInViewController.swift */ = {isa = PBXFileReference; lastKnownFileType = sourcecode.swift; path = LogInViewController.swift; sourceTree = "<group>"; };
		77F8E17A218A6DAA003E29B5 /* Base */ = {isa = PBXFileReference; lastKnownFileType = file.storyboard; name = Base; path = Base.lproj/Main.storyboard; sourceTree = "<group>"; };
		77F8E17C218A6DAA003E29B5 /* Assets.xcassets */ = {isa = PBXFileReference; lastKnownFileType = folder.assetcatalog; path = Assets.xcassets; sourceTree = "<group>"; };
		77F8E17F218A6DAA003E29B5 /* Base */ = {isa = PBXFileReference; lastKnownFileType = file.storyboard; name = Base; path = Base.lproj/LaunchScreen.storyboard; sourceTree = "<group>"; };
		77F8E181218A6DAA003E29B5 /* Info.plist */ = {isa = PBXFileReference; lastKnownFileType = text.plist.xml; path = Info.plist; sourceTree = "<group>"; };
		77F8E186218A6DAA003E29B5 /* WelcomeDticTests.xctest */ = {isa = PBXFileReference; explicitFileType = wrapper.cfbundle; includeInIndex = 0; path = WelcomeDticTests.xctest; sourceTree = BUILT_PRODUCTS_DIR; };
		77F8E18A218A6DAA003E29B5 /* WelcomeDticTests.swift */ = {isa = PBXFileReference; lastKnownFileType = sourcecode.swift; path = WelcomeDticTests.swift; sourceTree = "<group>"; };
		77F8E18C218A6DAA003E29B5 /* Info.plist */ = {isa = PBXFileReference; lastKnownFileType = text.plist.xml; path = Info.plist; sourceTree = "<group>"; };
		77F8E191218A6DAA003E29B5 /* WelcomeDticUITests.xctest */ = {isa = PBXFileReference; explicitFileType = wrapper.cfbundle; includeInIndex = 0; path = WelcomeDticUITests.xctest; sourceTree = BUILT_PRODUCTS_DIR; };
		77F8E195218A6DAA003E29B5 /* WelcomeDticUITests.swift */ = {isa = PBXFileReference; lastKnownFileType = sourcecode.swift; path = WelcomeDticUITests.swift; sourceTree = "<group>"; };
		77F8E197218A6DAA003E29B5 /* Info.plist */ = {isa = PBXFileReference; lastKnownFileType = text.plist.xml; path = Info.plist; sourceTree = "<group>"; };
/* End PBXFileReference section */

/* Begin PBXFrameworksBuildPhase section */
		77F8E16F218A6DA9003E29B5 /* Frameworks */ = {
			isa = PBXFrameworksBuildPhase;
			buildActionMask = 2147483647;
			files = (
			);
			runOnlyForDeploymentPostprocessing = 0;
		};
		77F8E183218A6DAA003E29B5 /* Frameworks */ = {
			isa = PBXFrameworksBuildPhase;
			buildActionMask = 2147483647;
			files = (
			);
			runOnlyForDeploymentPostprocessing = 0;
		};
		77F8E18E218A6DAA003E29B5 /* Frameworks */ = {
			isa = PBXFrameworksBuildPhase;
			buildActionMask = 2147483647;
			files = (
			);
			runOnlyForDeploymentPostprocessing = 0;
		};
/* End PBXFrameworksBuildPhase section */

/* Begin PBXGroup section */
		77F8E169218A6DA9003E29B5 = {
			isa = PBXGroup;
			children = (
				77F8E174218A6DA9003E29B5 /* WelcomeDtic */,
				77F8E189218A6DAA003E29B5 /* WelcomeDticTests */,
				77F8E194218A6DAA003E29B5 /* WelcomeDticUITests */,
				77F8E173218A6DA9003E29B5 /* Products */,
			);
			sourceTree = "<group>";
		};
		77F8E173218A6DA9003E29B5 /* Products */ = {
			isa = PBXGroup;
			children = (
				77F8E172218A6DA9003E29B5 /* WelcomeDtic.app */,
				77F8E186218A6DAA003E29B5 /* WelcomeDticTests.xctest */,
				77F8E191218A6DAA003E29B5 /* WelcomeDticUITests.xctest */,
			);
			name = Products;
			sourceTree = "<group>";
		};
		77F8E174218A6DA9003E29B5 /* WelcomeDtic */ = {
			isa = PBXGroup;
			children = (
				77F8E175218A6DA9003E29B5 /* AppDelegate.swift */,
				77C9E169219B38FA002FAE39 /* CategoryRow.swift */,
				77676F872193860B005C70CE /* LandingTabBarController.swift */,
				7790F9022190DE3F003ABBD4 /* HomeScreenViewController.swift */,
				77F8E177218A6DAA003E29B5 /* LogInViewController.swift */,
				777A292F2196075A0097C59E /* SearchViewController.swift */,
				7719216F21A5004A0063F28D /* ResourceViewController.swift */,
				77F8E179218A6DAA003E29B5 /* Main.storyboard */,
				7719217321A5053B0063F28D /* CollaborationViewController.swift */,
				77D55202219B945500C537E2 /* Image.swift */,
				7719217121A504BC0063F28D /* BudgetViewController.swift */,
				77D55200219B8DC700C537E2 /* ListViewCell.swift */,
				77F8E17C218A6DAA003E29B5 /* Assets.xcassets */,
				77F8E17E218A6DAA003E29B5 /* LaunchScreen.storyboard */,
				77F8E181218A6DAA003E29B5 /* Info.plist */,
			);
			path = WelcomeDtic;
			sourceTree = "<group>";
		};
		77F8E189218A6DAA003E29B5 /* WelcomeDticTests */ = {
			isa = PBXGroup;
			children = (
				77F8E18A218A6DAA003E29B5 /* WelcomeDticTests.swift */,
				77F8E18C218A6DAA003E29B5 /* Info.plist */,
			);
			path = WelcomeDticTests;
			sourceTree = "<group>";
		};
		77F8E194218A6DAA003E29B5 /* WelcomeDticUITests */ = {
			isa = PBXGroup;
			children = (
				77F8E195218A6DAA003E29B5 /* WelcomeDticUITests.swift */,
				77F8E197218A6DAA003E29B5 /* Info.plist */,
			);
			path = WelcomeDticUITests;
			sourceTree = "<group>";
		};
/* End PBXGroup section */

/* Begin PBXNativeTarget section */
		77F8E171218A6DA9003E29B5 /* WelcomeDtic */ = {
			isa = PBXNativeTarget;
			buildConfigurationList = 77F8E19A218A6DAA003E29B5 /* Build configuration list for PBXNativeTarget "WelcomeDtic" */;
			buildPhases = (
				77F8E16E218A6DA9003E29B5 /* Sources */,
				77F8E16F218A6DA9003E29B5 /* Frameworks */,
				77F8E170218A6DA9003E29B5 /* Resources */,
			);
			buildRules = (
			);
			dependencies = (
			);
			name = WelcomeDtic;
			productName = WelcomeDtic;
			productReference = 77F8E172218A6DA9003E29B5 /* WelcomeDtic.app */;
			productType = "com.apple.product-type.application";
		};
		77F8E185218A6DAA003E29B5 /* WelcomeDticTests */ = {
			isa = PBXNativeTarget;
			buildConfigurationList = 77F8E19D218A6DAA003E29B5 /* Build configuration list for PBXNativeTarget "WelcomeDticTests" */;
			buildPhases = (
				77F8E182218A6DAA003E29B5 /* Sources */,
				77F8E183218A6DAA003E29B5 /* Frameworks */,
				77F8E184218A6DAA003E29B5 /* Resources */,
			);
			buildRules = (
			);
			dependencies = (
				77F8E188218A6DAA003E29B5 /* PBXTargetDependency */,
			);
			name = WelcomeDticTests;
			productName = WelcomeDticTests;
			productReference = 77F8E186218A6DAA003E29B5 /* WelcomeDticTests.xctest */;
			productType = "com.apple.product-type.bundle.unit-test";
		};
		77F8E190218A6DAA003E29B5 /* WelcomeDticUITests */ = {
			isa = PBXNativeTarget;
			buildConfigurationList = 77F8E1A0218A6DAA003E29B5 /* Build configuration list for PBXNativeTarget "WelcomeDticUITests" */;
			buildPhases = (
				77F8E18D218A6DAA003E29B5 /* Sources */,
				77F8E18E218A6DAA003E29B5 /* Frameworks */,
				77F8E18F218A6DAA003E29B5 /* Resources */,
			);
			buildRules = (
			);
			dependencies = (
				77F8E193218A6DAA003E29B5 /* PBXTargetDependency */,
			);
			name = WelcomeDticUITests;
			productName = WelcomeDticUITests;
			productReference = 77F8E191218A6DAA003E29B5 /* WelcomeDticUITests.xctest */;
			productType = "com.apple.product-type.bundle.ui-testing";
		};
/* End PBXNativeTarget section */

/* Begin PBXProject section */
		77F8E16A218A6DA9003E29B5 /* Project object */ = {
			isa = PBXProject;
			attributes = {
				LastSwiftUpdateCheck = 0920;
				LastUpgradeCheck = 0920;
				ORGANIZATIONNAME = "Timpson, Michael CTR DTIC P";
				TargetAttributes = {
					77F8E171218A6DA9003E29B5 = {
						CreatedOnToolsVersion = 9.2;
						ProvisioningStyle = Automatic;
					};
					77F8E185218A6DAA003E29B5 = {
						CreatedOnToolsVersion = 9.2;
						ProvisioningStyle = Automatic;
						TestTargetID = 77F8E171218A6DA9003E29B5;
					};
					77F8E190218A6DAA003E29B5 = {
						CreatedOnToolsVersion = 9.2;
						ProvisioningStyle = Automatic;
						TestTargetID = 77F8E171218A6DA9003E29B5;
					};
				};
			};
			buildConfigurationList = 77F8E16D218A6DA9003E29B5 /* Build configuration list for PBXProject "WelcomeDtic" */;
			compatibilityVersion = "Xcode 8.0";
			developmentRegion = en;
			hasScannedForEncodings = 0;
			knownRegions = (
				en,
				Base,
			);
			mainGroup = 77F8E169218A6DA9003E29B5;
			productRefGroup = 77F8E173218A6DA9003E29B5 /* Products */;
			projectDirPath = "";
			projectRoot = "";
			targets = (
				77F8E171218A6DA9003E29B5 /* WelcomeDtic */,
				77F8E185218A6DAA003E29B5 /* WelcomeDticTests */,
				77F8E190218A6DAA003E29B5 /* WelcomeDticUITests */,
			);
		};
/* End PBXProject section */

/* Begin PBXResourcesBuildPhase section */
		77F8E170218A6DA9003E29B5 /* Resources */ = {
			isa = PBXResourcesBuildPhase;
			buildActionMask = 2147483647;
			files = (
				77F8E180218A6DAA003E29B5 /* LaunchScreen.storyboard in Resources */,
				77F8E17D218A6DAA003E29B5 /* Assets.xcassets in Resources */,
				77F8E17B218A6DAA003E29B5 /* Main.storyboard in Resources */,
			);
			runOnlyForDeploymentPostprocessing = 0;
		};
		77F8E184218A6DAA003E29B5 /* Resources */ = {
			isa = PBXResourcesBuildPhase;
			buildActionMask = 2147483647;
			files = (
			);
			runOnlyForDeploymentPostprocessing = 0;
		};
		77F8E18F218A6DAA003E29B5 /* Resources */ = {
			isa = PBXResourcesBuildPhase;
			buildActionMask = 2147483647;
			files = (
			);
			runOnlyForDeploymentPostprocessing = 0;
		};
/* End PBXResourcesBuildPhase section */

/* Begin PBXSourcesBuildPhase section */
		77F8E16E218A6DA9003E29B5 /* Sources */ = {
			isa = PBXSourcesBuildPhase;
			buildActionMask = 2147483647;
			files = (
				777A29302196075A0097C59E /* SearchViewController.swift in Sources */,
				77D55203219B945500C537E2 /* Image.swift in Sources */,
				7719217421A5053B0063F28D /* CollaborationViewController.swift in Sources */,
				77F8E178218A6DAA003E29B5 /* LogInViewController.swift in Sources */,
				77676F882193860B005C70CE /* LandingTabBarController.swift in Sources */,
				77F8E176218A6DA9003E29B5 /* AppDelegate.swift in Sources */,
				77C9E16A219B38FA002FAE39 /* CategoryRow.swift in Sources */,
				7790F9032190DE3F003ABBD4 /* HomeScreenViewController.swift in Sources */,
				7719217221A504BC0063F28D /* BudgetViewController.swift in Sources */,
				7719217021A5004A0063F28D /* ResourceViewController.swift in Sources */,
				77D55201219B8DC700C537E2 /* ListViewCell.swift in Sources */,
			);
			runOnlyForDeploymentPostprocessing = 0;
		};
		77F8E182218A6DAA003E29B5 /* Sources */ = {
			isa = PBXSourcesBuildPhase;
			buildActionMask = 2147483647;
			files = (
				77F8E18B218A6DAA003E29B5 /* WelcomeDticTests.swift in Sources */,
			);
			runOnlyForDeploymentPostprocessing = 0;
		};
		77F8E18D218A6DAA003E29B5 /* Sources */ = {
			isa = PBXSourcesBuildPhase;
			buildActionMask = 2147483647;
			files = (
				77F8E196218A6DAA003E29B5 /* WelcomeDticUITests.swift in Sources */,
			);
			runOnlyForDeploymentPostprocessing = 0;
		};
/* End PBXSourcesBuildPhase section */

/* Begin PBXTargetDependency section */
		77F8E188218A6DAA003E29B5 /* PBXTargetDependency */ = {
			isa = PBXTargetDependency;
			target = 77F8E171218A6DA9003E29B5 /* WelcomeDtic */;
			targetProxy = 77F8E187218A6DAA003E29B5 /* PBXContainerItemProxy */;
		};
		77F8E193218A6DAA003E29B5 /* PBXTargetDependency */ = {
			isa = PBXTargetDependency;
			target = 77F8E171218A6DA9003E29B5 /* WelcomeDtic */;
			targetProxy = 77F8E192218A6DAA003E29B5 /* PBXContainerItemProxy */;
		};
/* End PBXTargetDependency section */

/* Begin PBXVariantGroup section */
		77F8E179218A6DAA003E29B5 /* Main.storyboard */ = {
			isa = PBXVariantGroup;
			children = (
				77F8E17A218A6DAA003E29B5 /* Base */,
			);
			name = Main.storyboard;
			sourceTree = "<group>";
		};
		77F8E17E218A6DAA003E29B5 /* LaunchScreen.storyboard */ = {
			isa = PBXVariantGroup;
			children = (
				77F8E17F218A6DAA003E29B5 /* Base */,
			);
			name = LaunchScreen.storyboard;
			sourceTree = "<group>";
		};
/* End PBXVariantGroup section */

/* Begin XCBuildConfiguration section */
		77F8E198218A6DAA003E29B5 /* Debug */ = {
			isa = XCBuildConfiguration;
			buildSettings = {
				ALWAYS_SEARCH_USER_PATHS = NO;
				CLANG_ANALYZER_NONNULL = YES;
				CLANG_ANALYZER_NUMBER_OBJECT_CONVERSION = YES_AGGRESSIVE;
				CLANG_CXX_LANGUAGE_STANDARD = "gnu++14";
				CLANG_CXX_LIBRARY = "libc++";
				CLANG_ENABLE_MODULES = YES;
				CLANG_ENABLE_OBJC_ARC = YES;
				CLANG_WARN_BLOCK_CAPTURE_AUTORELEASING = YES;
				CLANG_WARN_BOOL_CONVERSION = YES;
				CLANG_WARN_COMMA = YES;
				CLANG_WARN_CONSTANT_CONVERSION = YES;
				CLANG_WARN_DIRECT_OBJC_ISA_USAGE = YES_ERROR;
				CLANG_WARN_DOCUMENTATION_COMMENTS = YES;
				CLANG_WARN_EMPTY_BODY = YES;
				CLANG_WARN_ENUM_CONVERSION = YES;
				CLANG_WARN_INFINITE_RECURSION = YES;
				CLANG_WARN_INT_CONVERSION = YES;
				CLANG_WARN_NON_LITERAL_NULL_CONVERSION = YES;
				CLANG_WARN_OBJC_LITERAL_CONVERSION = YES;
				CLANG_WARN_OBJC_ROOT_CLASS = YES_ERROR;
				CLANG_WARN_RANGE_LOOP_ANALYSIS = YES;
				CLANG_WARN_STRICT_PROTOTYPES = YES;
				CLANG_WARN_SUSPICIOUS_MOVE = YES;
				CLANG_WARN_UNGUARDED_AVAILABILITY = YES_AGGRESSIVE;
				CLANG_WARN_UNREACHABLE_CODE = YES;
				CLANG_WARN__DUPLICATE_METHOD_MATCH = YES;
				CODE_SIGN_IDENTITY = "iPhone Developer";
				COPY_PHASE_STRIP = NO;
				DEBUG_INFORMATION_FORMAT = dwarf;
				ENABLE_STRICT_OBJC_MSGSEND = YES;
				ENABLE_TESTABILITY = YES;
				GCC_C_LANGUAGE_STANDARD = gnu11;
				GCC_DYNAMIC_NO_PIC = NO;
				GCC_NO_COMMON_BLOCKS = YES;
				GCC_OPTIMIZATION_LEVEL = 0;
				GCC_PREPROCESSOR_DEFINITIONS = (
					"DEBUG=1",
					"$(inherited)",
				);
				GCC_WARN_64_TO_32_BIT_CONVERSION = YES;
				GCC_WARN_ABOUT_RETURN_TYPE = YES_ERROR;
				GCC_WARN_UNDECLARED_SELECTOR = YES;
				GCC_WARN_UNINITIALIZED_AUTOS = YES_AGGRESSIVE;
				GCC_WARN_UNUSED_FUNCTION = YES;
				GCC_WARN_UNUSED_VARIABLE = YES;
				IPHONEOS_DEPLOYMENT_TARGET = 11.2;
				MTL_ENABLE_DEBUG_INFO = YES;
				ONLY_ACTIVE_ARCH = YES;
				SDKROOT = iphoneos;
				SWIFT_ACTIVE_COMPILATION_CONDITIONS = DEBUG;
				SWIFT_OPTIMIZATION_LEVEL = "-Onone";
			};
			name = Debug;
		};
		77F8E199218A6DAA003E29B5 /* Release */ = {
			isa = XCBuildConfiguration;
			buildSettings = {
				ALWAYS_SEARCH_USER_PATHS = NO;
				CLANG_ANALYZER_NONNULL = YES;
				CLANG_ANALYZER_NUMBER_OBJECT_CONVERSION = YES_AGGRESSIVE;
				CLANG_CXX_LANGUAGE_STANDARD = "gnu++14";
				CLANG_CXX_LIBRARY = "libc++";
				CLANG_ENABLE_MODULES = YES;
				CLANG_ENABLE_OBJC_ARC = YES;
				CLANG_WARN_BLOCK_CAPTURE_AUTORELEASING = YES;
				CLANG_WARN_BOOL_CONVERSION = YES;
				CLANG_WARN_COMMA = YES;
				CLANG_WARN_CONSTANT_CONVERSION = YES;
				CLANG_WARN_DIRECT_OBJC_ISA_USAGE = YES_ERROR;
				CLANG_WARN_DOCUMENTATION_COMMENTS = YES;
				CLANG_WARN_EMPTY_BODY = YES;
				CLANG_WARN_ENUM_CONVERSION = YES;
				CLANG_WARN_INFINITE_RECURSION = YES;
				CLANG_WARN_INT_CONVERSION = YES;
				CLANG_WARN_NON_LITERAL_NULL_CONVERSION = YES;
				CLANG_WARN_OBJC_LITERAL_CONVERSION = YES;
				CLANG_WARN_OBJC_ROOT_CLASS = YES_ERROR;
				CLANG_WARN_RANGE_LOOP_ANALYSIS = YES;
				CLANG_WARN_STRICT_PROTOTYPES = YES;
				CLANG_WARN_SUSPICIOUS_MOVE = YES;
				CLANG_WARN_UNGUARDED_AVAILABILITY = YES_AGGRESSIVE;
				CLANG_WARN_UNREACHABLE_CODE = YES;
				CLANG_WARN__DUPLICATE_METHOD_MATCH = YES;
				CODE_SIGN_IDENTITY = "iPhone Developer";
				COPY_PHASE_STRIP = NO;
				DEBUG_INFORMATION_FORMAT = "dwarf-with-dsym";
				ENABLE_NS_ASSERTIONS = NO;
				ENABLE_STRICT_OBJC_MSGSEND = YES;
				GCC_C_LANGUAGE_STANDARD = gnu11;
				GCC_NO_COMMON_BLOCKS = YES;
				GCC_WARN_64_TO_32_BIT_CONVERSION = YES;
				GCC_WARN_ABOUT_RETURN_TYPE = YES_ERROR;
				GCC_WARN_UNDECLARED_SELECTOR = YES;
				GCC_WARN_UNINITIALIZED_AUTOS = YES_AGGRESSIVE;
				GCC_WARN_UNUSED_FUNCTION = YES;
				GCC_WARN_UNUSED_VARIABLE = YES;
				IPHONEOS_DEPLOYMENT_TARGET = 11.2;
				MTL_ENABLE_DEBUG_INFO = NO;
				SDKROOT = iphoneos;
				SWIFT_OPTIMIZATION_LEVEL = "-Owholemodule";
				VALIDATE_PRODUCT = YES;
			};
			name = Release;
		};
		77F8E19B218A6DAA003E29B5 /* Debug */ = {
			isa = XCBuildConfiguration;
			buildSettings = {
				ASSETCATALOG_COMPILER_APPICON_NAME = AppIcon;
				CODE_SIGN_STYLE = Automatic;
				INFOPLIST_FILE = WelcomeDtic/Info.plist;
				LD_RUNPATH_SEARCH_PATHS = "$(inherited) @executable_path/Frameworks";
				PRODUCT_BUNDLE_IDENTIFIER = DTIC.WelcomeDtic;
				PRODUCT_NAME = "$(TARGET_NAME)";
				SWIFT_VERSION = 4.0;
				TARGETED_DEVICE_FAMILY = "1,2";
			};
			name = Debug;
		};
		77F8E19C218A6DAA003E29B5 /* Release */ = {
			isa = XCBuildConfiguration;
			buildSettings = {
				ASSETCATALOG_COMPILER_APPICON_NAME = AppIcon;
				CODE_SIGN_STYLE = Automatic;
				INFOPLIST_FILE = WelcomeDtic/Info.plist;
				LD_RUNPATH_SEARCH_PATHS = "$(inherited) @executable_path/Frameworks";
				PRODUCT_BUNDLE_IDENTIFIER = DTIC.WelcomeDtic;
				PRODUCT_NAME = "$(TARGET_NAME)";
				SWIFT_VERSION = 4.0;
				TARGETED_DEVICE_FAMILY = "1,2";
			};
			name = Release;
		};
		77F8E19E218A6DAA003E29B5 /* Debug */ = {
			isa = XCBuildConfiguration;
			buildSettings = {
				ALWAYS_EMBED_SWIFT_STANDARD_LIBRARIES = YES;
				BUNDLE_LOADER = "$(TEST_HOST)";
				CODE_SIGN_STYLE = Automatic;
				INFOPLIST_FILE = WelcomeDticTests/Info.plist;
				LD_RUNPATH_SEARCH_PATHS = "$(inherited) @executable_path/Frameworks @loader_path/Frameworks";
				PRODUCT_BUNDLE_IDENTIFIER = DTIC.WelcomeDticTests;
				PRODUCT_NAME = "$(TARGET_NAME)";
				SWIFT_VERSION = 4.0;
				TARGETED_DEVICE_FAMILY = "1,2";
				TEST_HOST = "$(BUILT_PRODUCTS_DIR)/WelcomeDtic.app/WelcomeDtic";
			};
			name = Debug;
		};
		77F8E19F218A6DAA003E29B5 /* Release */ = {
			isa = XCBuildConfiguration;
			buildSettings = {
				ALWAYS_EMBED_SWIFT_STANDARD_LIBRARIES = YES;
				BUNDLE_LOADER = "$(TEST_HOST)";
				CODE_SIGN_STYLE = Automatic;
				INFOPLIST_FILE = WelcomeDticTests/Info.plist;
				LD_RUNPATH_SEARCH_PATHS = "$(inherited) @executable_path/Frameworks @loader_path/Frameworks";
				PRODUCT_BUNDLE_IDENTIFIER = DTIC.WelcomeDticTests;
				PRODUCT_NAME = "$(TARGET_NAME)";
				SWIFT_VERSION = 4.0;
				TARGETED_DEVICE_FAMILY = "1,2";
				TEST_HOST = "$(BUILT_PRODUCTS_DIR)/WelcomeDtic.app/WelcomeDtic";
			};
			name = Release;
		};
		77F8E1A1218A6DAA003E29B5 /* Debug */ = {
			isa = XCBuildConfiguration;
			buildSettings = {
				ALWAYS_EMBED_SWIFT_STANDARD_LIBRARIES = YES;
				CODE_SIGN_STYLE = Automatic;
				INFOPLIST_FILE = WelcomeDticUITests/Info.plist;
				LD_RUNPATH_SEARCH_PATHS = "$(inherited) @executable_path/Frameworks @loader_path/Frameworks";
				PRODUCT_BUNDLE_IDENTIFIER = DTIC.WelcomeDticUITests;
				PRODUCT_NAME = "$(TARGET_NAME)";
				SWIFT_VERSION = 4.0;
				TARGETED_DEVICE_FAMILY = "1,2";
				TEST_TARGET_NAME = WelcomeDtic;
			};
			name = Debug;
		};
		77F8E1A2218A6DAA003E29B5 /* Release */ = {
			isa = XCBuildConfiguration;
			buildSettings = {
				ALWAYS_EMBED_SWIFT_STANDARD_LIBRARIES = YES;
				CODE_SIGN_STYLE = Automatic;
				INFOPLIST_FILE = WelcomeDticUITests/Info.plist;
				LD_RUNPATH_SEARCH_PATHS = "$(inherited) @executable_path/Frameworks @loader_path/Frameworks";
				PRODUCT_BUNDLE_IDENTIFIER = DTIC.WelcomeDticUITests;
				PRODUCT_NAME = "$(TARGET_NAME)";
				SWIFT_VERSION = 4.0;
				TARGETED_DEVICE_FAMILY = "1,2";
				TEST_TARGET_NAME = WelcomeDtic;
			};
			name = Release;
		};
/* End XCBuildConfiguration section */

/* Begin XCConfigurationList section */
		77F8E16D218A6DA9003E29B5 /* Build configuration list for PBXProject "WelcomeDtic" */ = {
			isa = XCConfigurationList;
			buildConfigurations = (
				77F8E198218A6DAA003E29B5 /* Debug */,
				77F8E199218A6DAA003E29B5 /* Release */,
			);
			defaultConfigurationIsVisible = 0;
			defaultConfigurationName = Release;
		};
		77F8E19A218A6DAA003E29B5 /* Build configuration list for PBXNativeTarget "WelcomeDtic" */ = {
			isa = XCConfigurationList;
			buildConfigurations = (
				77F8E19B218A6DAA003E29B5 /* Debug */,
				77F8E19C218A6DAA003E29B5 /* Release */,
			);
			defaultConfigurationIsVisible = 0;
			defaultConfigurationName = Release;
		};
		77F8E19D218A6DAA003E29B5 /* Build configuration list for PBXNativeTarget "WelcomeDticTests" */ = {
			isa = XCConfigurationList;
			buildConfigurations = (
				77F8E19E218A6DAA003E29B5 /* Debug */,
				77F8E19F218A6DAA003E29B5 /* Release */,
			);
			defaultConfigurationIsVisible = 0;
			defaultConfigurationName = Release;
		};
		77F8E1A0218A6DAA003E29B5 /* Build configuration list for PBXNativeTarget "WelcomeDticUITests" */ = {
			isa = XCConfigurationList;
			buildConfigurations = (
				77F8E1A1218A6DAA003E29B5 /* Debug */,
				77F8E1A2218A6DAA003E29B5 /* Release */,
			);
			defaultConfigurationIsVisible = 0;
			defaultConfigurationName = Release;
		};
/* End XCConfigurationList section */
	};
	rootObject = 77F8E16A218A6DA9003E29B5 /* Project object */;
}
